
Microsoft Visual Studio Solution File, Format Version 12.00
# Visual Studio Version 17
VisualStudioVersion = 17.0.32014.148
MinimumVisualStudioVersion = 10.0.40219.1
Project("{FAE04EC0-301F-11D3-BF4B-00C04F79EFBC}") = "cs06_paskaita_WindowsForms", "cs06_paskaita_WindowsForms\cs06_paskaita_WindowsForms.csproj", "{4E1D9560-0F5D-4B66-9E2D-ED0AFB184651}"
EndProject
Global
	GlobalSection(SolutionConfigurationPlatforms) = preSolution
		Debug|Any CPU = Debug|Any CPU
		Release|Any CPU = Release|Any CPU
	EndGlobalSection
	GlobalSection(ProjectConfigurationPlatforms) = postSolution
		{4E1D9560-0F5D-4B66-9E2D-ED0AFB184651}.Debug|Any CPU.ActiveCfg = Debug|Any CPU
		{4E1D9560-0F5D-4B66-9E2D-ED0AFB184651}.Debug|Any CPU.Build.0 = Debug|Any CPU
		{4E1D9560-0F5D-4B66-9E2D-ED0AFB184651}.Release|Any CPU.ActiveCfg = Release|Any CPU
		{4E1D9560-0F5D-4B66-9E2D-ED0AFB184651}.Release|Any CPU.Build.0 = Release|Any CPU
	EndGlobalSection
	GlobalSection(SolutionProperties) = preSolution
		HideSolutionNode = FALSE
	EndGlobalSection
	GlobalSection(ExtensibilityGlobals) = postSolution
		SolutionGuid = {AB798C3C-E2F3-402B-A32F-2CD25220F4B7}
	EndGlobalSection
EndGlobal
